<?xml version="1.0" encoding="UTF-8" standalone="yes" ?>
<CodeBlocks_project_file>
	<FileVersion major="1" minor="6" />
	<Project>
		<Option title="pilot" />
		<Option pch_mode="2" />
		<Option compiler="armelfgcc" />
		<Build>
			<Target title="Debug">
				<Option output="bin/Debug/pilot" prefix_auto="1" extension_auto="1" />
				<Option object_output="obj/Debug/" />
				<Option type="1" />
				<Option compiler="armelfgcc" />
				<Compiler>
					<Add option="-Wno-write-strings" />
					<Add option="-D__EXPORTED_HEADERS__" />
				</Compiler>
			</Target>
			<Target title="Release">
				<Option output="bin/Release/pilot" prefix_auto="1" extension_auto="1" />
				<Option object_output="obj/Release/" />
				<Option type="1" />
				<Option compiler="armelfgcc" />
			</Target>
		</Build>
		<Unit filename="Accelerometer.cpp" />
		<Unit filename="Accelerometer.h" />
		<Unit filename="Gyro.cpp" />
		<Unit filename="Gyro.h" />
		<Unit filename="I2C.cpp" />
		<Unit filename="I2C.h" />
		<Unit filename="MotorController.cpp" />
		<Unit filename="MotorController.h" />
		<Unit filename="main.cpp" />
		<Extensions>
			<code_completion />
			<debugger />
		</Extensions>
	</Project>
</CodeBlocks_project_file>
